
Microsoft Visual Studio Solution File, Format Version 12.00
# Visual Studio Version 16
VisualStudioVersion = 16.0.32413.511
MinimumVisualStudioVersion = 10.0.40219.1
Project("{FAE04EC0-301F-11D3-BF4B-00C04F79EFBC}") = "EscrituraArchivos", "EscrituraArchivos\EscrituraArchivos.csproj", "{49C3D982-B204-4274-AF0C-3BBB1C108802}"
EndProject
Global
	GlobalSection(SolutionConfigurationPlatforms) = preSolution
		Debug|Any CPU = Debug|Any CPU
		Release|Any CPU = Release|Any CPU
	EndGlobalSection
	GlobalSection(ProjectConfigurationPlatforms) = postSolution
		{49C3D982-B204-4274-AF0C-3BBB1C108802}.Debug|Any CPU.ActiveCfg = Debug|Any CPU
		{49C3D982-B204-4274-AF0C-3BBB1C108802}.Debug|Any CPU.Build.0 = Debug|Any CPU
		{49C3D982-B204-4274-AF0C-3BBB1C108802}.Release|Any CPU.ActiveCfg = Release|Any CPU
		{49C3D982-B204-4274-AF0C-3BBB1C108802}.Release|Any CPU.Build.0 = Release|Any CPU
	EndGlobalSection
	GlobalSection(SolutionProperties) = preSolution
		HideSolutionNode = FALSE
	EndGlobalSection
	GlobalSection(ExtensibilityGlobals) = postSolution
		SolutionGuid = {C615CE89-FE58-4509-9C91-DCA3D4166EA9}
	EndGlobalSection
EndGlobal
